{
  "name": "borefresh",
  "version": "1.0.0",
  "lockfileVersion": 2,
  "requires": true,
  "packages": {
    "": {
      "name": "borefresh",
      "version": "1.0.0",
      "license": "UNLICENSED",
      "devDependencies": {
        "@types/webextension-polyfill": "^0.8.2"
      }
    },
    "node_modules/@types/webextension-polyfill": {
      "version": "0.8.2",
      "resolved": "https://youland.jfrog.io/artifactory/api/npm/teamone-npm/@types/webextension-polyfill/-/webextension-polyfill-0.8.2.tgz",
      "integrity": "sha512-Pd+p5AQx6s78jr4gDC2p3vbw+uxP2DLLqE9iAJJpZ+OUqDm3txr6uN2wUBEwjVgZTNdBHPsxawGvPCTipF2s6w==",
      "dev": true,
      "license": "MIT"
    }
  },
  "dependencies": {
    "@types/webextension-polyfill": {
      "version": "0.8.2",
      "resolved": "https://youland.jfrog.io/artifactory/api/npm/teamone-npm/@types/webextension-polyfill/-/webextension-polyfill-0.8.2.tgz",
      "integrity": "sha512-Pd+p5AQx6s78jr4gDC2p3vbw+uxP2DLLqE9iAJJpZ+OUqDm3txr6uN2wUBEwjVgZTNdBHPsxawGvPCTipF2s6w==",
      "dev": true
    }
  }
}
